// !$*UTF8*$!
{
	archiveVersion = 1;
	classes = {
	};
	objectVersion = 56;
	objects = {

/* Begin PBXBuildFile section */
		BCA866C12A4F269100A9ACA4 /* Test_AppApp.swift in Sources */ = {isa = PBXBuildFile; fileRef = BCA866C02A4F269100A9ACA4 /* Test_AppApp.swift */; };
		BCA866C52A4F269200A9ACA4 /* Assets.xcassets in Resources */ = {isa = PBXBuildFile; fileRef = BCA866C42A4F269200A9ACA4 /* Assets.xcassets */; };
		BCA866C82A4F269200A9ACA4 /* Preview Assets.xcassets in Resources */ = {isa = PBXBuildFile; fileRef = BCA866C72A4F269200A9ACA4 /* Preview Assets.xcassets */; };
		BCA866CA2A4F269200A9ACA4 /* Persistence.swift in Sources */ = {isa = PBXBuildFile; fileRef = BCA866C92A4F269200A9ACA4 /* Persistence.swift */; };
		BCA866CD2A4F269200A9ACA4 /* Test_App.xcdatamodeld in Sources */ = {isa = PBXBuildFile; fileRef = BCA866CB2A4F269200A9ACA4 /* Test_App.xcdatamodeld */; };
		BCA866D52A4F279800A9ACA4 /* CategoriesViewModel.swift in Sources */ = {isa = PBXBuildFile; fileRef = BCA866D42A4F279800A9ACA4 /* CategoriesViewModel.swift */; };
		BCA866D82A4F27B000A9ACA4 /* NetworkManager.swift in Sources */ = {isa = PBXBuildFile; fileRef = BCA866D72A4F27B000A9ACA4 /* NetworkManager.swift */; };
		BCA866DA2A4F2A5300A9ACA4 /* CategoriesNetworkModel.swift in Sources */ = {isa = PBXBuildFile; fileRef = BCA866D92A4F2A5300A9ACA4 /* CategoriesNetworkModel.swift */; };
		BCA866DC2A5049BE00A9ACA4 /* CategoriesModel.swift in Sources */ = {isa = PBXBuildFile; fileRef = BCA866DB2A5049BE00A9ACA4 /* CategoriesModel.swift */; };
		BCA866DE2A504ACC00A9ACA4 /* CategoriesView.swift in Sources */ = {isa = PBXBuildFile; fileRef = BCA866DD2A504ACC00A9ACA4 /* CategoriesView.swift */; };
		BCA866E02A506BB300A9ACA4 /* CategoryView.swift in Sources */ = {isa = PBXBuildFile; fileRef = BCA866DF2A506BB300A9ACA4 /* CategoryView.swift */; };
		BCA866E52A517F1800A9ACA4 /* BasketView.swift in Sources */ = {isa = PBXBuildFile; fileRef = BCA866E42A517F1800A9ACA4 /* BasketView.swift */; };
		BCA866EA2A517FC900A9ACA4 /* DishesViewModel.swift in Sources */ = {isa = PBXBuildFile; fileRef = BCA866E92A517FC900A9ACA4 /* DishesViewModel.swift */; };
		BCA866EC2A517FDB00A9ACA4 /* DishesNetworkModel.swift in Sources */ = {isa = PBXBuildFile; fileRef = BCA866EB2A517FDB00A9ACA4 /* DishesNetworkModel.swift */; };
		BCA866EE2A5183BB00A9ACA4 /* DishesModel.swift in Sources */ = {isa = PBXBuildFile; fileRef = BCA866ED2A5183BB00A9ACA4 /* DishesModel.swift */; };
		BCA866F02A51874E00A9ACA4 /* DishesView.swift in Sources */ = {isa = PBXBuildFile; fileRef = BCA866EF2A51874E00A9ACA4 /* DishesView.swift */; };
		BCA866F22A51FD2A00A9ACA4 /* DetailDishView.swift in Sources */ = {isa = PBXBuildFile; fileRef = BCA866F12A51FD2A00A9ACA4 /* DetailDishView.swift */; };
		BCA866F52A5232DB00A9ACA4 /* MainView.swift in Sources */ = {isa = PBXBuildFile; fileRef = BCA866F42A5232DB00A9ACA4 /* MainView.swift */; };
		BCA866F72A52A5ED00A9ACA4 /* TabModel.swift in Sources */ = {isa = PBXBuildFile; fileRef = BCA866F62A52A5ED00A9ACA4 /* TabModel.swift */; };
		BCA866FB2A52AD7C00A9ACA4 /* CustomTabItem.swift in Sources */ = {isa = PBXBuildFile; fileRef = BCA866FA2A52AD7C00A9ACA4 /* CustomTabItem.swift */; };
		BCA866FE2A52B4BE00A9ACA4 /* SavedDish.swift in Sources */ = {isa = PBXBuildFile; fileRef = BCA866FD2A52B4BE00A9ACA4 /* SavedDish.swift */; };
		BCA867002A52B57C00A9ACA4 /* ViewContext.swift in Sources */ = {isa = PBXBuildFile; fileRef = BCA866FF2A52B57C00A9ACA4 /* ViewContext.swift */; };
		BCA867022A5303AC00A9ACA4 /* DishCard.swift in Sources */ = {isa = PBXBuildFile; fileRef = BCA867012A5303AC00A9ACA4 /* DishCard.swift */; };
		BCA867042A53139500A9ACA4 /* SwiftUIView.swift in Sources */ = {isa = PBXBuildFile; fileRef = BCA867032A53139500A9ACA4 /* SwiftUIView.swift */; };
/* End PBXBuildFile section */

/* Begin PBXFileReference section */
		BCA866BD2A4F269100A9ACA4 /* Test App.app */ = {isa = PBXFileReference; explicitFileType = wrapper.application; includeInIndex = 0; path = "Test App.app"; sourceTree = BUILT_PRODUCTS_DIR; };
		BCA866C02A4F269100A9ACA4 /* Test_AppApp.swift */ = {isa = PBXFileReference; lastKnownFileType = sourcecode.swift; path = Test_AppApp.swift; sourceTree = "<group>"; };
		BCA866C42A4F269200A9ACA4 /* Assets.xcassets */ = {isa = PBXFileReference; lastKnownFileType = folder.assetcatalog; path = Assets.xcassets; sourceTree = "<group>"; };
		BCA866C72A4F269200A9ACA4 /* Preview Assets.xcassets */ = {isa = PBXFileReference; lastKnownFileType = folder.assetcatalog; path = "Preview Assets.xcassets"; sourceTree = "<group>"; };
		BCA866C92A4F269200A9ACA4 /* Persistence.swift */ = {isa = PBXFileReference; lastKnownFileType = sourcecode.swift; path = Persistence.swift; sourceTree = "<group>"; };
		BCA866CC2A4F269200A9ACA4 /* Test_App.xcdatamodel */ = {isa = PBXFileReference; lastKnownFileType = wrapper.xcdatamodel; path = Test_App.xcdatamodel; sourceTree = "<group>"; };
		BCA866D42A4F279800A9ACA4 /* CategoriesViewModel.swift */ = {isa = PBXFileReference; lastKnownFileType = sourcecode.swift; path = CategoriesViewModel.swift; sourceTree = "<group>"; };
		BCA866D72A4F27B000A9ACA4 /* NetworkManager.swift */ = {isa = PBXFileReference; lastKnownFileType = sourcecode.swift; path = NetworkManager.swift; sourceTree = "<group>"; };
		BCA866D92A4F2A5300A9ACA4 /* CategoriesNetworkModel.swift */ = {isa = PBXFileReference; lastKnownFileType = sourcecode.swift; path = CategoriesNetworkModel.swift; sourceTree = "<group>"; };
		BCA866DB2A5049BE00A9ACA4 /* CategoriesModel.swift */ = {isa = PBXFileReference; lastKnownFileType = sourcecode.swift; path = CategoriesModel.swift; sourceTree = "<group>"; };
		BCA866DD2A504ACC00A9ACA4 /* CategoriesView.swift */ = {isa = PBXFileReference; lastKnownFileType = sourcecode.swift; path = CategoriesView.swift; sourceTree = "<group>"; };
		BCA866DF2A506BB300A9ACA4 /* CategoryView.swift */ = {isa = PBXFileReference; lastKnownFileType = sourcecode.swift; path = CategoryView.swift; sourceTree = "<group>"; };
		BCA866E42A517F1800A9ACA4 /* BasketView.swift */ = {isa = PBXFileReference; lastKnownFileType = sourcecode.swift; path = BasketView.swift; sourceTree = "<group>"; };
		BCA866E92A517FC900A9ACA4 /* DishesViewModel.swift */ = {isa = PBXFileReference; lastKnownFileType = sourcecode.swift; path = DishesViewModel.swift; sourceTree = "<group>"; };
		BCA866EB2A517FDB00A9ACA4 /* DishesNetworkModel.swift */ = {isa = PBXFileReference; lastKnownFileType = sourcecode.swift; path = DishesNetworkModel.swift; sourceTree = "<group>"; };
		BCA866ED2A5183BB00A9ACA4 /* DishesModel.swift */ = {isa = PBXFileReference; lastKnownFileType = sourcecode.swift; path = DishesModel.swift; sourceTree = "<group>"; };
		BCA866EF2A51874E00A9ACA4 /* DishesView.swift */ = {isa = PBXFileReference; lastKnownFileType = sourcecode.swift; path = DishesView.swift; sourceTree = "<group>"; };
		BCA866F12A51FD2A00A9ACA4 /* DetailDishView.swift */ = {isa = PBXFileReference; lastKnownFileType = sourcecode.swift; path = DetailDishView.swift; sourceTree = "<group>"; };
		BCA866F42A5232DB00A9ACA4 /* MainView.swift */ = {isa = PBXFileReference; lastKnownFileType = sourcecode.swift; path = MainView.swift; sourceTree = "<group>"; };
		BCA866F62A52A5ED00A9ACA4 /* TabModel.swift */ = {isa = PBXFileReference; lastKnownFileType = sourcecode.swift; path = TabModel.swift; sourceTree = "<group>"; };
		BCA866FA2A52AD7C00A9ACA4 /* CustomTabItem.swift */ = {isa = PBXFileReference; lastKnownFileType = sourcecode.swift; path = CustomTabItem.swift; sourceTree = "<group>"; };
		BCA866FD2A52B4BE00A9ACA4 /* SavedDish.swift */ = {isa = PBXFileReference; lastKnownFileType = sourcecode.swift; path = SavedDish.swift; sourceTree = "<group>"; };
		BCA866FF2A52B57C00A9ACA4 /* ViewContext.swift */ = {isa = PBXFileReference; lastKnownFileType = sourcecode.swift; path = ViewContext.swift; sourceTree = "<group>"; };
		BCA867012A5303AC00A9ACA4 /* DishCard.swift */ = {isa = PBXFileReference; lastKnownFileType = sourcecode.swift; path = DishCard.swift; sourceTree = "<group>"; };
		BCA867032A53139500A9ACA4 /* SwiftUIView.swift */ = {isa = PBXFileReference; lastKnownFileType = sourcecode.swift; path = SwiftUIView.swift; sourceTree = "<group>"; };
/* End PBXFileReference section */

/* Begin PBXFrameworksBuildPhase section */
		BCA866BA2A4F269100A9ACA4 /* Frameworks */ = {
			isa = PBXFrameworksBuildPhase;
			buildActionMask = 2147483647;
			files = (
			);
			runOnlyForDeploymentPostprocessing = 0;
		};
/* End PBXFrameworksBuildPhase section */

/* Begin PBXGroup section */
		BCA866B42A4F269100A9ACA4 = {
			isa = PBXGroup;
			children = (
				BCA866BF2A4F269100A9ACA4 /* Test App */,
				BCA866BE2A4F269100A9ACA4 /* Products */,
			);
			sourceTree = "<group>";
		};
		BCA866BE2A4F269100A9ACA4 /* Products */ = {
			isa = PBXGroup;
			children = (
				BCA866BD2A4F269100A9ACA4 /* Test App.app */,
			);
			name = Products;
			sourceTree = "<group>";
		};
		BCA866BF2A4F269100A9ACA4 /* Test App */ = {
			isa = PBXGroup;
			children = (
				BCA866F32A5232CA00A9ACA4 /* MainView */,
				BCA866E62A517F2900A9ACA4 /* DishesView */,
				BCA866E32A517EC000A9ACA4 /* BasketView */,
				BCA866D62A4F279F00A9ACA4 /* NetworkManager */,
				BCA866D32A4F277200A9ACA4 /* CategoriesModule */,
				BCA866C02A4F269100A9ACA4 /* Test_AppApp.swift */,
				BCA866C42A4F269200A9ACA4 /* Assets.xcassets */,
				BCA866FC2A52B4A800A9ACA4 /* DataBaseManager */,
				BCA866C62A4F269200A9ACA4 /* Preview Content */,
			);
			path = "Test App";
			sourceTree = "<group>";
		};
		BCA866C62A4F269200A9ACA4 /* Preview Content */ = {
			isa = PBXGroup;
			children = (
				BCA866C72A4F269200A9ACA4 /* Preview Assets.xcassets */,
			);
			path = "Preview Content";
			sourceTree = "<group>";
		};
		BCA866D32A4F277200A9ACA4 /* CategoriesModule */ = {
			isa = PBXGroup;
			children = (
				BCA866D42A4F279800A9ACA4 /* CategoriesViewModel.swift */,
				BCA866DB2A5049BE00A9ACA4 /* CategoriesModel.swift */,
				BCA866DD2A504ACC00A9ACA4 /* CategoriesView.swift */,
				BCA867032A53139500A9ACA4 /* SwiftUIView.swift */,
				BCA866DF2A506BB300A9ACA4 /* CategoryView.swift */,
			);
			path = CategoriesModule;
			sourceTree = "<group>";
		};
		BCA866D62A4F279F00A9ACA4 /* NetworkManager */ = {
			isa = PBXGroup;
			children = (
				BCA866D72A4F27B000A9ACA4 /* NetworkManager.swift */,
				BCA866D92A4F2A5300A9ACA4 /* CategoriesNetworkModel.swift */,
				BCA866EB2A517FDB00A9ACA4 /* DishesNetworkModel.swift */,
			);
			path = NetworkManager;
			sourceTree = "<group>";
		};
		BCA866E32A517EC000A9ACA4 /* BasketView */ = {
			isa = PBXGroup;
			children = (
				BCA866E42A517F1800A9ACA4 /* BasketView.swift */,
				BCA867012A5303AC00A9ACA4 /* DishCard.swift */,
			);
			path = BasketView;
			sourceTree = "<group>";
		};
		BCA866E62A517F2900A9ACA4 /* DishesView */ = {
			isa = PBXGroup;
			children = (
				BCA866E92A517FC900A9ACA4 /* DishesViewModel.swift */,
				BCA866EF2A51874E00A9ACA4 /* DishesView.swift */,
				BCA866F12A51FD2A00A9ACA4 /* DetailDishView.swift */,
				BCA866ED2A5183BB00A9ACA4 /* DishesModel.swift */,
			);
			path = DishesView;
			sourceTree = "<group>";
		};
		BCA866F32A5232CA00A9ACA4 /* MainView */ = {
			isa = PBXGroup;
			children = (
				BCA866F42A5232DB00A9ACA4 /* MainView.swift */,
				BCA866FA2A52AD7C00A9ACA4 /* CustomTabItem.swift */,
				BCA866F62A52A5ED00A9ACA4 /* TabModel.swift */,
			);
			path = MainView;
			sourceTree = "<group>";
		};
		BCA866FC2A52B4A800A9ACA4 /* DataBaseManager */ = {
			isa = PBXGroup;
			children = (
				BCA866C92A4F269200A9ACA4 /* Persistence.swift */,
				BCA866FF2A52B57C00A9ACA4 /* ViewContext.swift */,
				BCA866FD2A52B4BE00A9ACA4 /* SavedDish.swift */,
				BCA866CB2A4F269200A9ACA4 /* Test_App.xcdatamodeld */,
			);
			path = DataBaseManager;
			sourceTree = "<group>";
		};
/* End PBXGroup section */

/* Begin PBXNativeTarget section */
		BCA866BC2A4F269100A9ACA4 /* Test App */ = {
			isa = PBXNativeTarget;
			buildConfigurationList = BCA866D02A4F269200A9ACA4 /* Build configuration list for PBXNativeTarget "Test App" */;
			buildPhases = (
				BCA866B92A4F269100A9ACA4 /* Sources */,
				BCA866BA2A4F269100A9ACA4 /* Frameworks */,
				BCA866BB2A4F269100A9ACA4 /* Resources */,
			);
			buildRules = (
			);
			dependencies = (
			);
			name = "Test App";
			productName = "Test App";
			productReference = BCA866BD2A4F269100A9ACA4 /* Test App.app */;
			productType = "com.apple.product-type.application";
		};
/* End PBXNativeTarget section */

/* Begin PBXProject section */
		BCA866B52A4F269100A9ACA4 /* Project object */ = {
			isa = PBXProject;
			attributes = {
				BuildIndependentTargetsInParallel = 1;
				LastSwiftUpdateCheck = 1430;
				LastUpgradeCheck = 1430;
				TargetAttributes = {
					BCA866BC2A4F269100A9ACA4 = {
						CreatedOnToolsVersion = 14.3.1;
					};
				};
			};
			buildConfigurationList = BCA866B82A4F269100A9ACA4 /* Build configuration list for PBXProject "Test App" */;
			compatibilityVersion = "Xcode 14.0";
			developmentRegion = en;
			hasScannedForEncodings = 0;
			knownRegions = (
				en,
				Base,
			);
			mainGroup = BCA866B42A4F269100A9ACA4;
			productRefGroup = BCA866BE2A4F269100A9ACA4 /* Products */;
			projectDirPath = "";
			projectRoot = "";
			targets = (
				BCA866BC2A4F269100A9ACA4 /* Test App */,
			);
		};
/* End PBXProject section */

/* Begin PBXResourcesBuildPhase section */
		BCA866BB2A4F269100A9ACA4 /* Resources */ = {
			isa = PBXResourcesBuildPhase;
			buildActionMask = 2147483647;
			files = (
				BCA866C82A4F269200A9ACA4 /* Preview Assets.xcassets in Resources */,
				BCA866C52A4F269200A9ACA4 /* Assets.xcassets in Resources */,
			);
			runOnlyForDeploymentPostprocessing = 0;
		};
/* End PBXResourcesBuildPhase section */

/* Begin PBXSourcesBuildPhase section */
		BCA866B92A4F269100A9ACA4 /* Sources */ = {
			isa = PBXSourcesBuildPhase;
			buildActionMask = 2147483647;
			files = (
				BCA866E52A517F1800A9ACA4 /* BasketView.swift in Sources */,
				BCA866F52A5232DB00A9ACA4 /* MainView.swift in Sources */,
				BCA867042A53139500A9ACA4 /* SwiftUIView.swift in Sources */,
				BCA867002A52B57C00A9ACA4 /* ViewContext.swift in Sources */,
				BCA866D82A4F27B000A9ACA4 /* NetworkManager.swift in Sources */,
				BCA866CA2A4F269200A9ACA4 /* Persistence.swift in Sources */,
				BCA866CD2A4F269200A9ACA4 /* Test_App.xcdatamodeld in Sources */,
				BCA866EA2A517FC900A9ACA4 /* DishesViewModel.swift in Sources */,
				BCA866FE2A52B4BE00A9ACA4 /* SavedDish.swift in Sources */,
				BCA866D52A4F279800A9ACA4 /* CategoriesViewModel.swift in Sources */,
				BCA866FB2A52AD7C00A9ACA4 /* CustomTabItem.swift in Sources */,
				BCA866F02A51874E00A9ACA4 /* DishesView.swift in Sources */,
				BCA866E02A506BB300A9ACA4 /* CategoryView.swift in Sources */,
				BCA866F22A51FD2A00A9ACA4 /* DetailDishView.swift in Sources */,
				BCA867022A5303AC00A9ACA4 /* DishCard.swift in Sources */,
				BCA866F72A52A5ED00A9ACA4 /* TabModel.swift in Sources */,
				BCA866DE2A504ACC00A9ACA4 /* CategoriesView.swift in Sources */,
				BCA866DA2A4F2A5300A9ACA4 /* CategoriesNetworkModel.swift in Sources */,
				BCA866C12A4F269100A9ACA4 /* Test_AppApp.swift in Sources */,
				BCA866DC2A5049BE00A9ACA4 /* CategoriesModel.swift in Sources */,
				BCA866EE2A5183BB00A9ACA4 /* DishesModel.swift in Sources */,
				BCA866EC2A517FDB00A9ACA4 /* DishesNetworkModel.swift in Sources */,
			);
			runOnlyForDeploymentPostprocessing = 0;
		};
/* End PBXSourcesBuildPhase section */

/* Begin XCBuildConfiguration section */
		BCA866CE2A4F269200A9ACA4 /* Debug */ = {
			isa = XCBuildConfiguration;
			buildSettings = {
				ALWAYS_SEARCH_USER_PATHS = NO;
				CLANG_ANALYZER_NONNULL = YES;
				CLANG_ANALYZER_NUMBER_OBJECT_CONVERSION = YES_AGGRESSIVE;
				CLANG_CXX_LANGUAGE_STANDARD = "gnu++20";
				CLANG_ENABLE_MODULES = YES;
				CLANG_ENABLE_OBJC_ARC = YES;
				CLANG_ENABLE_OBJC_WEAK = YES;
				CLANG_WARN_BLOCK_CAPTURE_AUTORELEASING = YES;
				CLANG_WARN_BOOL_CONVERSION = YES;
				CLANG_WARN_COMMA = YES;
				CLANG_WARN_CONSTANT_CONVERSION = YES;
				CLANG_WARN_DEPRECATED_OBJC_IMPLEMENTATIONS = YES;
				CLANG_WARN_DIRECT_OBJC_ISA_USAGE = YES_ERROR;
				CLANG_WARN_DOCUMENTATION_COMMENTS = YES;
				CLANG_WARN_EMPTY_BODY = YES;
				CLANG_WARN_ENUM_CONVERSION = YES;
				CLANG_WARN_INFINITE_RECURSION = YES;
				CLANG_WARN_INT_CONVERSION = YES;
				CLANG_WARN_NON_LITERAL_NULL_CONVERSION = YES;
				CLANG_WARN_OBJC_IMPLICIT_RETAIN_SELF = YES;
				CLANG_WARN_OBJC_LITERAL_CONVERSION = YES;
				CLANG_WARN_OBJC_ROOT_CLASS = YES_ERROR;
				CLANG_WARN_QUOTED_INCLUDE_IN_FRAMEWORK_HEADER = YES;
				CLANG_WARN_RANGE_LOOP_ANALYSIS = YES;
				CLANG_WARN_STRICT_PROTOTYPES = YES;
				CLANG_WARN_SUSPICIOUS_MOVE = YES;
				CLANG_WARN_UNGUARDED_AVAILABILITY = YES_AGGRESSIVE;
				CLANG_WARN_UNREACHABLE_CODE = YES;
				CLANG_WARN__DUPLICATE_METHOD_MATCH = YES;
				COPY_PHASE_STRIP = NO;
				DEBUG_INFORMATION_FORMAT = dwarf;
				ENABLE_STRICT_OBJC_MSGSEND = YES;
				ENABLE_TESTABILITY = YES;
				GCC_C_LANGUAGE_STANDARD = gnu11;
				GCC_DYNAMIC_NO_PIC = NO;
				GCC_NO_COMMON_BLOCKS = YES;
				GCC_OPTIMIZATION_LEVEL = 0;
				GCC_PREPROCESSOR_DEFINITIONS = (
					"DEBUG=1",
					"$(inherited)",
				);
				GCC_WARN_64_TO_32_BIT_CONVERSION = YES;
				GCC_WARN_ABOUT_RETURN_TYPE = YES_ERROR;
				GCC_WARN_UNDECLARED_SELECTOR = YES;
				GCC_WARN_UNINITIALIZED_AUTOS = YES_AGGRESSIVE;
				GCC_WARN_UNUSED_FUNCTION = YES;
				GCC_WARN_UNUSED_VARIABLE = YES;
				IPHONEOS_DEPLOYMENT_TARGET = 16.4;
				MTL_ENABLE_DEBUG_INFO = INCLUDE_SOURCE;
				MTL_FAST_MATH = YES;
				ONLY_ACTIVE_ARCH = YES;
				SDKROOT = iphoneos;
				SWIFT_ACTIVE_COMPILATION_CONDITIONS = DEBUG;
				SWIFT_OPTIMIZATION_LEVEL = "-Onone";
			};
			name = Debug;
		};
		BCA866CF2A4F269200A9ACA4 /* Release */ = {
			isa = XCBuildConfiguration;
			buildSettings = {
				ALWAYS_SEARCH_USER_PATHS = NO;
				CLANG_ANALYZER_NONNULL = YES;
				CLANG_ANALYZER_NUMBER_OBJECT_CONVERSION = YES_AGGRESSIVE;
				CLANG_CXX_LANGUAGE_STANDARD = "gnu++20";
				CLANG_ENABLE_MODULES = YES;
				CLANG_ENABLE_OBJC_ARC = YES;
				CLANG_ENABLE_OBJC_WEAK = YES;
				CLANG_WARN_BLOCK_CAPTURE_AUTORELEASING = YES;
				CLANG_WARN_BOOL_CONVERSION = YES;
				CLANG_WARN_COMMA = YES;
				CLANG_WARN_CONSTANT_CONVERSION = YES;
				CLANG_WARN_DEPRECATED_OBJC_IMPLEMENTATIONS = YES;
				CLANG_WARN_DIRECT_OBJC_ISA_USAGE = YES_ERROR;
				CLANG_WARN_DOCUMENTATION_COMMENTS = YES;
				CLANG_WARN_EMPTY_BODY = YES;
				CLANG_WARN_ENUM_CONVERSION = YES;
				CLANG_WARN_INFINITE_RECURSION = YES;
				CLANG_WARN_INT_CONVERSION = YES;
				CLANG_WARN_NON_LITERAL_NULL_CONVERSION = YES;
				CLANG_WARN_OBJC_IMPLICIT_RETAIN_SELF = YES;
				CLANG_WARN_OBJC_LITERAL_CONVERSION = YES;
				CLANG_WARN_OBJC_ROOT_CLASS = YES_ERROR;
				CLANG_WARN_QUOTED_INCLUDE_IN_FRAMEWORK_HEADER = YES;
				CLANG_WARN_RANGE_LOOP_ANALYSIS = YES;
				CLANG_WARN_STRICT_PROTOTYPES = YES;
				CLANG_WARN_SUSPICIOUS_MOVE = YES;
				CLANG_WARN_UNGUARDED_AVAILABILITY = YES_AGGRESSIVE;
				CLANG_WARN_UNREACHABLE_CODE = YES;
				CLANG_WARN__DUPLICATE_METHOD_MATCH = YES;
				COPY_PHASE_STRIP = NO;
				DEBUG_INFORMATION_FORMAT = "dwarf-with-dsym";
				ENABLE_NS_ASSERTIONS = NO;
				ENABLE_STRICT_OBJC_MSGSEND = YES;
				GCC_C_LANGUAGE_STANDARD = gnu11;
				GCC_NO_COMMON_BLOCKS = YES;
				GCC_WARN_64_TO_32_BIT_CONVERSION = YES;
				GCC_WARN_ABOUT_RETURN_TYPE = YES_ERROR;
				GCC_WARN_UNDECLARED_SELECTOR = YES;
				GCC_WARN_UNINITIALIZED_AUTOS = YES_AGGRESSIVE;
				GCC_WARN_UNUSED_FUNCTION = YES;
				GCC_WARN_UNUSED_VARIABLE = YES;
				IPHONEOS_DEPLOYMENT_TARGET = 16.4;
				MTL_ENABLE_DEBUG_INFO = NO;
				MTL_FAST_MATH = YES;
				SDKROOT = iphoneos;
				SWIFT_COMPILATION_MODE = wholemodule;
				SWIFT_OPTIMIZATION_LEVEL = "-O";
				VALIDATE_PRODUCT = YES;
			};
			name = Release;
		};
		BCA866D12A4F269200A9ACA4 /* Debug */ = {
			isa = XCBuildConfiguration;
			buildSettings = {
				ASSETCATALOG_COMPILER_APPICON_NAME = AppIcon;
				ASSETCATALOG_COMPILER_GLOBAL_ACCENT_COLOR_NAME = AccentColor;
				CODE_SIGN_STYLE = Automatic;
				CURRENT_PROJECT_VERSION = 1;
				DEVELOPMENT_ASSET_PATHS = "\"Test App/Preview Content\"";
				DEVELOPMENT_TEAM = NZF7D66GZB;
				ENABLE_PREVIEWS = YES;
				GENERATE_INFOPLIST_FILE = YES;
				INFOPLIST_KEY_UIApplicationSceneManifest_Generation = YES;
				INFOPLIST_KEY_UIApplicationSupportsIndirectInputEvents = YES;
				INFOPLIST_KEY_UILaunchScreen_Generation = YES;
				INFOPLIST_KEY_UISupportedInterfaceOrientations_iPad = "UIInterfaceOrientationPortrait UIInterfaceOrientationPortraitUpsideDown UIInterfaceOrientationLandscapeLeft UIInterfaceOrientationLandscapeRight";
				INFOPLIST_KEY_UISupportedInterfaceOrientations_iPhone = "UIInterfaceOrientationPortrait UIInterfaceOrientationLandscapeLeft UIInterfaceOrientationLandscapeRight";
				LD_RUNPATH_SEARCH_PATHS = (
					"$(inherited)",
					"@executable_path/Frameworks",
				);
				MARKETING_VERSION = 1.0;
				PRODUCT_BUNDLE_IDENTIFIER = "-.Test-App";
				PRODUCT_NAME = "$(TARGET_NAME)";
				SWIFT_EMIT_LOC_STRINGS = YES;
				SWIFT_VERSION = 5.0;
				TARGETED_DEVICE_FAMILY = "1,2";
			};
			name = Debug;
		};
		BCA866D22A4F269200A9ACA4 /* Release */ = {
			isa = XCBuildConfiguration;
			buildSettings = {
				ASSETCATALOG_COMPILER_APPICON_NAME = AppIcon;
				ASSETCATALOG_COMPILER_GLOBAL_ACCENT_COLOR_NAME = AccentColor;
				CODE_SIGN_STYLE = Automatic;
				CURRENT_PROJECT_VERSION = 1;
				DEVELOPMENT_ASSET_PATHS = "\"Test App/Preview Content\"";
				DEVELOPMENT_TEAM = NZF7D66GZB;
				ENABLE_PREVIEWS = YES;
				GENERATE_INFOPLIST_FILE = YES;
				INFOPLIST_KEY_UIApplicationSceneManifest_Generation = YES;
				INFOPLIST_KEY_UIApplicationSupportsIndirectInputEvents = YES;
				INFOPLIST_KEY_UILaunchScreen_Generation = YES;
				INFOPLIST_KEY_UISupportedInterfaceOrientations_iPad = "UIInterfaceOrientationPortrait UIInterfaceOrientationPortraitUpsideDown UIInterfaceOrientationLandscapeLeft UIInterfaceOrientationLandscapeRight";
				INFOPLIST_KEY_UISupportedInterfaceOrientations_iPhone = "UIInterfaceOrientationPortrait UIInterfaceOrientationLandscapeLeft UIInterfaceOrientationLandscapeRight";
				LD_RUNPATH_SEARCH_PATHS = (
					"$(inherited)",
					"@executable_path/Frameworks",
				);
				MARKETING_VERSION = 1.0;
				PRODUCT_BUNDLE_IDENTIFIER = "-.Test-App";
				PRODUCT_NAME = "$(TARGET_NAME)";
				SWIFT_EMIT_LOC_STRINGS = YES;
				SWIFT_VERSION = 5.0;
				TARGETED_DEVICE_FAMILY = "1,2";
			};
			name = Release;
		};
/* End XCBuildConfiguration section */

/* Begin XCConfigurationList section */
		BCA866B82A4F269100A9ACA4 /* Build configuration list for PBXProject "Test App" */ = {
			isa = XCConfigurationList;
			buildConfigurations = (
				BCA866CE2A4F269200A9ACA4 /* Debug */,
				BCA866CF2A4F269200A9ACA4 /* Release */,
			);
			defaultConfigurationIsVisible = 0;
			defaultConfigurationName = Release;
		};
		BCA866D02A4F269200A9ACA4 /* Build configuration list for PBXNativeTarget "Test App" */ = {
			isa = XCConfigurationList;
			buildConfigurations = (
				BCA866D12A4F269200A9ACA4 /* Debug */,
				BCA866D22A4F269200A9ACA4 /* Release */,
			);
			defaultConfigurationIsVisible = 0;
			defaultConfigurationName = Release;
		};
/* End XCConfigurationList section */

/* Begin XCVersionGroup section */
		BCA866CB2A4F269200A9ACA4 /* Test_App.xcdatamodeld */ = {
			isa = XCVersionGroup;
			children = (
				BCA866CC2A4F269200A9ACA4 /* Test_App.xcdatamodel */,
			);
			currentVersion = BCA866CC2A4F269200A9ACA4 /* Test_App.xcdatamodel */;
			path = Test_App.xcdatamodeld;
			sourceTree = "<group>";
			versionGroupType = wrapper.xcdatamodel;
		};
/* End XCVersionGroup section */
	};
	rootObject = BCA866B52A4F269100A9ACA4 /* Project object */;
}
